// !$*UTF8*$!
{
	archiveVersion = 1;
	classes = {
	};
	objectVersion = 56;
	objects = {

/* Begin PBXBuildFile section */
		F31F2C012BD550BB0022E543 /* main.cpp in Sources */ = {isa = PBXBuildFile; fileRef = F31F2C002BD550BB0022E543 /* main.cpp */; };
		F31F2C092BD554430022E543 /* menuItems.cpp in Sources */ = {isa = PBXBuildFile; fileRef = F31F2C072BD554430022E543 /* menuItems.cpp */; };
		F31F2C0C2BD554510022E543 /* Menu.cpp in Sources */ = {isa = PBXBuildFile; fileRef = F31F2C0A2BD554510022E543 /* Menu.cpp */; };
		F31F2C122BD554750022E543 /* Orders.cpp in Sources */ = {isa = PBXBuildFile; fileRef = F31F2C102BD554750022E543 /* Orders.cpp */; };
		F31F2C152BD554960022E543 /* userInterface.cpp in Sources */ = {isa = PBXBuildFile; fileRef = F31F2C132BD554960022E543 /* userInterface.cpp */; };
		F31F2C182BD554A90022E543 /* fileManager.cpp in Sources */ = {isa = PBXBuildFile; fileRef = F31F2C162BD554A90022E543 /* fileManager.cpp */; };
		F31F2C1B2BD554BA0022E543 /* Authentication.cpp in Sources */ = {isa = PBXBuildFile; fileRef = F31F2C192BD554BA0022E543 /* Authentication.cpp */; };
		F3FDF0A42BDAD3B9006FAE77 /* specialOffers.cpp in Sources */ = {isa = PBXBuildFile; fileRef = F3FDF0A22BDAD3B9006FAE77 /* specialOffers.cpp */; };
/* End PBXBuildFile section */

/* Begin PBXCopyFilesBuildPhase section */
		F31F2BFB2BD550BB0022E543 /* CopyFiles */ = {
			isa = PBXCopyFilesBuildPhase;
			buildActionMask = 2147483647;
			dstPath = /usr/share/man/man1/;
			dstSubfolderSpec = 0;
			files = (
			);
			runOnlyForDeploymentPostprocessing = 1;
		};
/* End PBXCopyFilesBuildPhase section */

/* Begin PBXFileReference section */
		F31F2BFD2BD550BB0022E543 /* MalekOuaida - AlaaElSet - Menu Project - DS SPRING 2024 */ = {isa = PBXFileReference; explicitFileType = "compiled.mach-o.executable"; includeInIndex = 0; path = "MalekOuaida - AlaaElSet - Menu Project - DS SPRING 2024"; sourceTree = BUILT_PRODUCTS_DIR; };
		F31F2C002BD550BB0022E543 /* main.cpp */ = {isa = PBXFileReference; lastKnownFileType = sourcecode.cpp.cpp; path = main.cpp; sourceTree = "<group>"; };
		F31F2C072BD554430022E543 /* menuItems.cpp */ = {isa = PBXFileReference; lastKnownFileType = sourcecode.cpp.cpp; path = menuItems.cpp; sourceTree = "<group>"; };
		F31F2C082BD554430022E543 /* menuItems.hpp */ = {isa = PBXFileReference; lastKnownFileType = sourcecode.cpp.h; path = menuItems.hpp; sourceTree = "<group>"; };
		F31F2C0A2BD554510022E543 /* Menu.cpp */ = {isa = PBXFileReference; lastKnownFileType = sourcecode.cpp.cpp; path = Menu.cpp; sourceTree = "<group>"; };
		F31F2C0B2BD554510022E543 /* Menu.hpp */ = {isa = PBXFileReference; lastKnownFileType = sourcecode.cpp.h; path = Menu.hpp; sourceTree = "<group>"; };
		F31F2C102BD554750022E543 /* Orders.cpp */ = {isa = PBXFileReference; lastKnownFileType = sourcecode.cpp.cpp; path = Orders.cpp; sourceTree = "<group>"; };
		F31F2C112BD554750022E543 /* Orders.hpp */ = {isa = PBXFileReference; lastKnownFileType = sourcecode.cpp.h; path = Orders.hpp; sourceTree = "<group>"; };
		F31F2C132BD554960022E543 /* userInterface.cpp */ = {isa = PBXFileReference; lastKnownFileType = sourcecode.cpp.cpp; path = userInterface.cpp; sourceTree = "<group>"; };
		F31F2C142BD554960022E543 /* userInterface.hpp */ = {isa = PBXFileReference; lastKnownFileType = sourcecode.cpp.h; path = userInterface.hpp; sourceTree = "<group>"; };
		F31F2C162BD554A90022E543 /* fileManager.cpp */ = {isa = PBXFileReference; lastKnownFileType = sourcecode.cpp.cpp; path = fileManager.cpp; sourceTree = "<group>"; };
		F31F2C172BD554A90022E543 /* fileManager.hpp */ = {isa = PBXFileReference; lastKnownFileType = sourcecode.cpp.h; path = fileManager.hpp; sourceTree = "<group>"; };
		F31F2C192BD554BA0022E543 /* Authentication.cpp */ = {isa = PBXFileReference; lastKnownFileType = sourcecode.cpp.cpp; path = Authentication.cpp; sourceTree = "<group>"; };
		F31F2C1A2BD554BA0022E543 /* Authentication.hpp */ = {isa = PBXFileReference; lastKnownFileType = sourcecode.cpp.h; path = Authentication.hpp; sourceTree = "<group>"; };
		F3FDF0A22BDAD3B9006FAE77 /* specialOffers.cpp */ = {isa = PBXFileReference; lastKnownFileType = sourcecode.cpp.cpp; path = specialOffers.cpp; sourceTree = "<group>"; };
		F3FDF0A32BDAD3B9006FAE77 /* specialOffers.hpp */ = {isa = PBXFileReference; lastKnownFileType = sourcecode.cpp.h; path = specialOffers.hpp; sourceTree = "<group>"; };
/* End PBXFileReference section */

/* Begin PBXFrameworksBuildPhase section */
		F31F2BFA2BD550BB0022E543 /* Frameworks */ = {
			isa = PBXFrameworksBuildPhase;
			buildActionMask = 2147483647;
			files = (
			);
			runOnlyForDeploymentPostprocessing = 0;
		};
/* End PBXFrameworksBuildPhase section */

/* Begin PBXGroup section */
		F31F2BF42BD550BB0022E543 = {
			isa = PBXGroup;
			children = (
				F31F2BFF2BD550BB0022E543 /* MalekOuaida - AlaaElSet - Menu Project - DS SPRING 2024 */,
				F31F2BFE2BD550BB0022E543 /* Products */,
			);
			sourceTree = "<group>";
		};
		F31F2BFE2BD550BB0022E543 /* Products */ = {
			isa = PBXGroup;
			children = (
				F31F2BFD2BD550BB0022E543 /* MalekOuaida - AlaaElSet - Menu Project - DS SPRING 2024 */,
			);
			name = Products;
			sourceTree = "<group>";
		};
		F31F2BFF2BD550BB0022E543 /* MalekOuaida - AlaaElSet - Menu Project - DS SPRING 2024 */ = {
			isa = PBXGroup;
			children = (
				F31F2C002BD550BB0022E543 /* main.cpp */,
				F31F2C072BD554430022E543 /* menuItems.cpp */,
				F31F2C0A2BD554510022E543 /* Menu.cpp */,
				F3FDF0A22BDAD3B9006FAE77 /* specialOffers.cpp */,
				F31F2C102BD554750022E543 /* Orders.cpp */,
				F31F2C132BD554960022E543 /* userInterface.cpp */,
				F31F2C162BD554A90022E543 /* fileManager.cpp */,
				F31F2C192BD554BA0022E543 /* Authentication.cpp */,
				F3FDF0A32BDAD3B9006FAE77 /* specialOffers.hpp */,
				F31F2C1A2BD554BA0022E543 /* Authentication.hpp */,
				F31F2C172BD554A90022E543 /* fileManager.hpp */,
				F31F2C142BD554960022E543 /* userInterface.hpp */,
				F31F2C112BD554750022E543 /* Orders.hpp */,
				F31F2C0B2BD554510022E543 /* Menu.hpp */,
				F31F2C082BD554430022E543 /* menuItems.hpp */,
			);
			path = "MalekOuaida - AlaaElSet - Menu Project - DS SPRING 2024";
			sourceTree = "<group>";
		};
/* End PBXGroup section */

/* Begin PBXNativeTarget section */
		F31F2BFC2BD550BB0022E543 /* MalekOuaida - AlaaElSet - Menu Project - DS SPRING 2024 */ = {
			isa = PBXNativeTarget;
			buildConfigurationList = F31F2C042BD550BB0022E543 /* Build configuration list for PBXNativeTarget "MalekOuaida - AlaaElSet - Menu Project - DS SPRING 2024" */;
			buildPhases = (
				F31F2BF92BD550BB0022E543 /* Sources */,
				F31F2BFA2BD550BB0022E543 /* Frameworks */,
				F31F2BFB2BD550BB0022E543 /* CopyFiles */,
			);
			buildRules = (
			);
			dependencies = (
			);
			name = "MalekOuaida - AlaaElSet - Menu Project - DS SPRING 2024";
			productName = "MalekOuaida - AlaaElSet - Menu Project - DS SPRING 2024";
			productReference = F31F2BFD2BD550BB0022E543 /* MalekOuaida - AlaaElSet - Menu Project - DS SPRING 2024 */;
			productType = "com.apple.product-type.tool";
		};
/* End PBXNativeTarget section */

/* Begin PBXProject section */
		F31F2BF52BD550BB0022E543 /* Project object */ = {
			isa = PBXProject;
			attributes = {
				BuildIndependentTargetsInParallel = 1;
				LastUpgradeCheck = 1420;
				TargetAttributes = {
					F31F2BFC2BD550BB0022E543 = {
						CreatedOnToolsVersion = 14.2;
					};
				};
			};
			buildConfigurationList = F31F2BF82BD550BB0022E543 /* Build configuration list for PBXProject "MalekOuaida - AlaaElSet - Menu Project - DS SPRING 2024" */;
			compatibilityVersion = "Xcode 14.0";
			developmentRegion = en;
			hasScannedForEncodings = 0;
			knownRegions = (
				en,
				Base,
			);
			mainGroup = F31F2BF42BD550BB0022E543;
			productRefGroup = F31F2BFE2BD550BB0022E543 /* Products */;
			projectDirPath = "";
			projectRoot = "";
			targets = (
				F31F2BFC2BD550BB0022E543 /* MalekOuaida - AlaaElSet - Menu Project - DS SPRING 2024 */,
			);
		};
/* End PBXProject section */

/* Begin PBXSourcesBuildPhase section */
		F31F2BF92BD550BB0022E543 /* Sources */ = {
			isa = PBXSourcesBuildPhase;
			buildActionMask = 2147483647;
			files = (
				F31F2C122BD554750022E543 /* Orders.cpp in Sources */,
				F3FDF0A42BDAD3B9006FAE77 /* specialOffers.cpp in Sources */,
				F31F2C0C2BD554510022E543 /* Menu.cpp in Sources */,
				F31F2C1B2BD554BA0022E543 /* Authentication.cpp in Sources */,
				F31F2C182BD554A90022E543 /* fileManager.cpp in Sources */,
				F31F2C012BD550BB0022E543 /* main.cpp in Sources */,
				F31F2C152BD554960022E543 /* userInterface.cpp in Sources */,
				F31F2C092BD554430022E543 /* menuItems.cpp in Sources */,
			);
			runOnlyForDeploymentPostprocessing = 0;
		};
/* End PBXSourcesBuildPhase section */

/* Begin XCBuildConfiguration section */
		F31F2C022BD550BB0022E543 /* Debug */ = {
			isa = XCBuildConfiguration;
			buildSettings = {
				ALWAYS_SEARCH_USER_PATHS = NO;
				CLANG_ANALYZER_NONNULL = YES;
				CLANG_ANALYZER_NUMBER_OBJECT_CONVERSION = YES_AGGRESSIVE;
				CLANG_CXX_LANGUAGE_STANDARD = "gnu++20";
				CLANG_ENABLE_MODULES = YES;
				CLANG_ENABLE_OBJC_ARC = YES;
				CLANG_ENABLE_OBJC_WEAK = YES;
				CLANG_WARN_BLOCK_CAPTURE_AUTORELEASING = YES;
				CLANG_WARN_BOOL_CONVERSION = YES;
				CLANG_WARN_COMMA = YES;
				CLANG_WARN_CONSTANT_CONVERSION = YES;
				CLANG_WARN_DEPRECATED_OBJC_IMPLEMENTATIONS = YES;
				CLANG_WARN_DIRECT_OBJC_ISA_USAGE = YES_ERROR;
				CLANG_WARN_DOCUMENTATION_COMMENTS = YES;
				CLANG_WARN_EMPTY_BODY = YES;
				CLANG_WARN_ENUM_CONVERSION = YES;
				CLANG_WARN_INFINITE_RECURSION = YES;
				CLANG_WARN_INT_CONVERSION = YES;
				CLANG_WARN_NON_LITERAL_NULL_CONVERSION = YES;
				CLANG_WARN_OBJC_IMPLICIT_RETAIN_SELF = YES;
				CLANG_WARN_OBJC_LITERAL_CONVERSION = YES;
				CLANG_WARN_OBJC_ROOT_CLASS = YES_ERROR;
				CLANG_WARN_QUOTED_INCLUDE_IN_FRAMEWORK_HEADER = YES;
				CLANG_WARN_RANGE_LOOP_ANALYSIS = YES;
				CLANG_WARN_STRICT_PROTOTYPES = YES;
				CLANG_WARN_SUSPICIOUS_MOVE = YES;
				CLANG_WARN_UNGUARDED_AVAILABILITY = YES_AGGRESSIVE;
				CLANG_WARN_UNREACHABLE_CODE = YES;
				CLANG_WARN__DUPLICATE_METHOD_MATCH = YES;
				COPY_PHASE_STRIP = NO;
				DEBUG_INFORMATION_FORMAT = dwarf;
				ENABLE_STRICT_OBJC_MSGSEND = YES;
				ENABLE_TESTABILITY = YES;
				GCC_C_LANGUAGE_STANDARD = gnu11;
				GCC_DYNAMIC_NO_PIC = NO;
				GCC_NO_COMMON_BLOCKS = YES;
				GCC_OPTIMIZATION_LEVEL = 0;
				GCC_PREPROCESSOR_DEFINITIONS = (
					"DEBUG=1",
					"$(inherited)",
				);
				GCC_WARN_64_TO_32_BIT_CONVERSION = YES;
				GCC_WARN_ABOUT_RETURN_TYPE = YES_ERROR;
				GCC_WARN_UNDECLARED_SELECTOR = YES;
				GCC_WARN_UNINITIALIZED_AUTOS = YES_AGGRESSIVE;
				GCC_WARN_UNUSED_FUNCTION = YES;
				GCC_WARN_UNUSED_VARIABLE = YES;
				MACOSX_DEPLOYMENT_TARGET = 12.6;
				MTL_ENABLE_DEBUG_INFO = INCLUDE_SOURCE;
				MTL_FAST_MATH = YES;
				ONLY_ACTIVE_ARCH = YES;
				SDKROOT = macosx;
			};
			name = Debug;
		};
		F31F2C032BD550BB0022E543 /* Release */ = {
			isa = XCBuildConfiguration;
			buildSettings = {
				ALWAYS_SEARCH_USER_PATHS = NO;
				CLANG_ANALYZER_NONNULL = YES;
				CLANG_ANALYZER_NUMBER_OBJECT_CONVERSION = YES_AGGRESSIVE;
				CLANG_CXX_LANGUAGE_STANDARD = "gnu++20";
				CLANG_ENABLE_MODULES = YES;
				CLANG_ENABLE_OBJC_ARC = YES;
				CLANG_ENABLE_OBJC_WEAK = YES;
				CLANG_WARN_BLOCK_CAPTURE_AUTORELEASING = YES;
				CLANG_WARN_BOOL_CONVERSION = YES;
				CLANG_WARN_COMMA = YES;
				CLANG_WARN_CONSTANT_CONVERSION = YES;
				CLANG_WARN_DEPRECATED_OBJC_IMPLEMENTATIONS = YES;
				CLANG_WARN_DIRECT_OBJC_ISA_USAGE = YES_ERROR;
				CLANG_WARN_DOCUMENTATION_COMMENTS = YES;
				CLANG_WARN_EMPTY_BODY = YES;
				CLANG_WARN_ENUM_CONVERSION = YES;
				CLANG_WARN_INFINITE_RECURSION = YES;
				CLANG_WARN_INT_CONVERSION = YES;
				CLANG_WARN_NON_LITERAL_NULL_CONVERSION = YES;
				CLANG_WARN_OBJC_IMPLICIT_RETAIN_SELF = YES;
				CLANG_WARN_OBJC_LITERAL_CONVERSION = YES;
				CLANG_WARN_OBJC_ROOT_CLASS = YES_ERROR;
				CLANG_WARN_QUOTED_INCLUDE_IN_FRAMEWORK_HEADER = YES;
				CLANG_WARN_RANGE_LOOP_ANALYSIS = YES;
				CLANG_WARN_STRICT_PROTOTYPES = YES;
				CLANG_WARN_SUSPICIOUS_MOVE = YES;
				CLANG_WARN_UNGUARDED_AVAILABILITY = YES_AGGRESSIVE;
				CLANG_WARN_UNREACHABLE_CODE = YES;
				CLANG_WARN__DUPLICATE_METHOD_MATCH = YES;
				COPY_PHASE_STRIP = NO;
				DEBUG_INFORMATION_FORMAT = "dwarf-with-dsym";
				ENABLE_NS_ASSERTIONS = NO;
				ENABLE_STRICT_OBJC_MSGSEND = YES;
				GCC_C_LANGUAGE_STANDARD = gnu11;
				GCC_NO_COMMON_BLOCKS = YES;
				GCC_WARN_64_TO_32_BIT_CONVERSION = YES;
				GCC_WARN_ABOUT_RETURN_TYPE = YES_ERROR;
				GCC_WARN_UNDECLARED_SELECTOR = YES;
				GCC_WARN_UNINITIALIZED_AUTOS = YES_AGGRESSIVE;
				GCC_WARN_UNUSED_FUNCTION = YES;
				GCC_WARN_UNUSED_VARIABLE = YES;
				MACOSX_DEPLOYMENT_TARGET = 12.6;
				MTL_ENABLE_DEBUG_INFO = NO;
				MTL_FAST_MATH = YES;
				SDKROOT = macosx;
			};
			name = Release;
		};
		F31F2C052BD550BB0022E543 /* Debug */ = {
			isa = XCBuildConfiguration;
			buildSettings = {
				CODE_SIGN_STYLE = Automatic;
				PRODUCT_NAME = "$(TARGET_NAME)";
			};
			name = Debug;
		};
		F31F2C062BD550BB0022E543 /* Release */ = {
			isa = XCBuildConfiguration;
			buildSettings = {
				CODE_SIGN_STYLE = Automatic;
				PRODUCT_NAME = "$(TARGET_NAME)";
			};
			name = Release;
		};
/* End XCBuildConfiguration section */

/* Begin XCConfigurationList section */
		F31F2BF82BD550BB0022E543 /* Build configuration list for PBXProject "MalekOuaida - AlaaElSet - Menu Project - DS SPRING 2024" */ = {
			isa = XCConfigurationList;
			buildConfigurations = (
				F31F2C022BD550BB0022E543 /* Debug */,
				F31F2C032BD550BB0022E543 /* Release */,
			);
			defaultConfigurationIsVisible = 0;
			defaultConfigurationName = Release;
		};
		F31F2C042BD550BB0022E543 /* Build configuration list for PBXNativeTarget "MalekOuaida - AlaaElSet - Menu Project - DS SPRING 2024" */ = {
			isa = XCConfigurationList;
			buildConfigurations = (
				F31F2C052BD550BB0022E543 /* Debug */,
				F31F2C062BD550BB0022E543 /* Release */,
			);
			defaultConfigurationIsVisible = 0;
			defaultConfigurationName = Release;
		};
/* End XCConfigurationList section */
	};
	rootObject = F31F2BF52BD550BB0022E543 /* Project object */;
}
